
Microsoft Visual Studio Solution File, Format Version 12.00
# Visual Studio Version 16
VisualStudioVersion = 16.0.30204.135
MinimumVisualStudioVersion = 10.0.40219.1
Project("{FAE04EC0-301F-11D3-BF4B-00C04F79EFBC}") = "sample_1_17", "sample_1_17\sample_1_17.csproj", "{E49BBF50-B3AE-4D93-A8DB-D95FB59B546B}"
EndProject
Global
	GlobalSection(SolutionConfigurationPlatforms) = preSolution
		Debug|Any CPU = Debug|Any CPU
		Release|Any CPU = Release|Any CPU
	EndGlobalSection
	GlobalSection(ProjectConfigurationPlatforms) = postSolution
		{E49BBF50-B3AE-4D93-A8DB-D95FB59B546B}.Debug|Any CPU.ActiveCfg = Debug|Any CPU
		{E49BBF50-B3AE-4D93-A8DB-D95FB59B546B}.Debug|Any CPU.Build.0 = Debug|Any CPU
		{E49BBF50-B3AE-4D93-A8DB-D95FB59B546B}.Release|Any CPU.ActiveCfg = Release|Any CPU
		{E49BBF50-B3AE-4D93-A8DB-D95FB59B546B}.Release|Any CPU.Build.0 = Release|Any CPU
	EndGlobalSection
	GlobalSection(SolutionProperties) = preSolution
		HideSolutionNode = FALSE
	EndGlobalSection
	GlobalSection(ExtensibilityGlobals) = postSolution
		SolutionGuid = {94128AD6-4264-4391-B16F-8C0978796CFF}
	EndGlobalSection
EndGlobal
